
Microsoft Visual Studio Solution File, Format Version 12.00
# Visual Studio Version 16
VisualStudioVersion = 16.0.30114.105
MinimumVisualStudioVersion = 10.0.40219.1
Project("{FAE04EC0-301F-11D3-BF4B-00C04F79EFBC}") = "Rhizosphere.Api", "Rhizosphere.Api\Rhizosphere.Api.csproj", "{BCFB5D54-D8F2-4E56-A4ED-FEFC481E9530}"
EndProject
Project("{FAE04EC0-301F-11D3-BF4B-00C04F79EFBC}") = "Rhizosphere.Core", "Rhizosphere.Core\Rhizosphere.Core.csproj", "{A0714D11-56EB-4406-B75A-BD62B5E2BE98}"
EndProject
Global
	GlobalSection(SolutionConfigurationPlatforms) = preSolution
		Debug|Any CPU = Debug|Any CPU
		Release|Any CPU = Release|Any CPU
	EndGlobalSection
	GlobalSection(SolutionProperties) = preSolution
		HideSolutionNode = FALSE
	EndGlobalSection
	GlobalSection(ProjectConfigurationPlatforms) = postSolution
		{BCFB5D54-D8F2-4E56-A4ED-FEFC481E9530}.Debug|Any CPU.ActiveCfg = Debug|Any CPU
		{BCFB5D54-D8F2-4E56-A4ED-FEFC481E9530}.Debug|Any CPU.Build.0 = Debug|Any CPU
		{BCFB5D54-D8F2-4E56-A4ED-FEFC481E9530}.Release|Any CPU.ActiveCfg = Release|Any CPU
		{BCFB5D54-D8F2-4E56-A4ED-FEFC481E9530}.Release|Any CPU.Build.0 = Release|Any CPU
		{A0714D11-56EB-4406-B75A-BD62B5E2BE98}.Debug|Any CPU.ActiveCfg = Debug|Any CPU
		{A0714D11-56EB-4406-B75A-BD62B5E2BE98}.Debug|Any CPU.Build.0 = Debug|Any CPU
		{A0714D11-56EB-4406-B75A-BD62B5E2BE98}.Release|Any CPU.ActiveCfg = Release|Any CPU
		{A0714D11-56EB-4406-B75A-BD62B5E2BE98}.Release|Any CPU.Build.0 = Release|Any CPU
	EndGlobalSection
EndGlobal
